{
"name":"surveybuilderteams/ppdb",
"description":"A simple JSON database software, that has a custom readable panel",
"license":"Apache-2.0",
"authors":[{
"name": "SurveyBuilder-Admin",
"email":"surveybuildersbot@gmail.com",
"role":"developer",
"homepage":"https://github.com/surveybuilderteams/PPDB"
}]
}
