{
  "name": "PPDB",
  "version": "1.2.3",
  "description": "A portable DataBase or PDB is a simplifyed version of SQLi. This uses JSON files as a database with inclusive security. Along with a admin panel that will require a login/register prompt. Secure any database if you have SSL(secured socket layer) and more...",
  "main": "Index.js",
  "scripts": {
    "test": "echo \"Error:no test specified\" && exit 1"
  },
  "keywords": [
    "PPDB",
    "PPDB",
    "Professional",
    "surveybuilderteams",
    "surveybuilder-admin",
    "mySQL",
    "mySQLi",
    "JSON",
    "PHP"
  ],
  "author": "surveybuilderteams",
  "license": "Apache-2.0 License",
  "dependencies": {},
  "repository": {
    "type": "git",
    "url": "https://github.com/surveybuilderteams/PPDB.git"
  },
  "bugs": {
    "url": "https://github.com/surveybuilderteams/PPDB/issues"
  },
  "homepage": "https://github.com/surveybuilderteams/PPDB#readme",
  "devDependencies": {}
}
